
Microsoft Visual Studio Solution File, Format Version 12.00
# Visual Studio Version 16
VisualStudioVersion = 16.0.31112.23
MinimumVisualStudioVersion = 10.0.40219.1
Project("{FAE04EC0-301F-11D3-BF4B-00C04F79EFBC}") = "FinalTask_16.1", "FinalTask_16.1\FinalTask_16.1.csproj", "{60149FA1-53A9-47A3-A5CB-CCBF246ECC6A}"
EndProject
Project("{FAE04EC0-301F-11D3-BF4B-00C04F79EFBC}") = "FinalTask_16.1.Tests", "FinalTask_16.1.Tests\FinalTask_16.1.Tests.csproj", "{753986E7-EF62-447A-958B-7B1844FD983A}"
EndProject
Global
	GlobalSection(SolutionConfigurationPlatforms) = preSolution
		Debug|Any CPU = Debug|Any CPU
		Release|Any CPU = Release|Any CPU
	EndGlobalSection
	GlobalSection(ProjectConfigurationPlatforms) = postSolution
		{60149FA1-53A9-47A3-A5CB-CCBF246ECC6A}.Debug|Any CPU.ActiveCfg = Debug|Any CPU
		{60149FA1-53A9-47A3-A5CB-CCBF246ECC6A}.Debug|Any CPU.Build.0 = Debug|Any CPU
		{60149FA1-53A9-47A3-A5CB-CCBF246ECC6A}.Release|Any CPU.ActiveCfg = Release|Any CPU
		{60149FA1-53A9-47A3-A5CB-CCBF246ECC6A}.Release|Any CPU.Build.0 = Release|Any CPU
		{753986E7-EF62-447A-958B-7B1844FD983A}.Debug|Any CPU.ActiveCfg = Debug|Any CPU
		{753986E7-EF62-447A-958B-7B1844FD983A}.Debug|Any CPU.Build.0 = Debug|Any CPU
		{753986E7-EF62-447A-958B-7B1844FD983A}.Release|Any CPU.ActiveCfg = Release|Any CPU
		{753986E7-EF62-447A-958B-7B1844FD983A}.Release|Any CPU.Build.0 = Release|Any CPU
	EndGlobalSection
	GlobalSection(SolutionProperties) = preSolution
		HideSolutionNode = FALSE
	EndGlobalSection
	GlobalSection(ExtensibilityGlobals) = postSolution
		SolutionGuid = {67E3618B-52EE-47DF-8CDB-9E6D1DF7A5F3}
	EndGlobalSection
EndGlobal
